<?xml version="1.0" encoding="UTF-8"?>
<CodeBlocks_project_file>
	<FileVersion major="1" minor="6"/>
	<Project>
		<Option title="SimulatedAnnealing"/>
		<Option makefile_is_custom="1"/>
		<Option compiler="gcc"/>
		<Option virtualFolders="CMake Files\;"/>
		<Build>
			<Target title="all">
				<Option working_dir="/home/vikrambhatt/CLionProjects/SimulatedAnnealing"/>
				<Option type="4"/>
				<MakeCommands>
					<Build command="/usr/bin/make -f &quot;/home/vikrambhatt/CLionProjects/SimulatedAnnealing/Makefile&quot;  VERBOSE=1 all"/>
					<CompileFile command="/usr/bin/make -f &quot;/home/vikrambhatt/CLionProjects/SimulatedAnnealing/Makefile&quot;  VERBOSE=1 &quot;$file&quot;"/>
					<Clean command="/usr/bin/make -f &quot;/home/vikrambhatt/CLionProjects/SimulatedAnnealing/Makefile&quot;  VERBOSE=1 clean"/>
					<DistClean command="/usr/bin/make -f &quot;/home/vikrambhatt/CLionProjects/SimulatedAnnealing/Makefile&quot;  VERBOSE=1 clean"/>
				</MakeCommands>
			</Target>
			<Target title="rebuild_cache">
				<Option working_dir="/home/vikrambhatt/CLionProjects/SimulatedAnnealing"/>
				<Option type="4"/>
				<MakeCommands>
					<Build command="/usr/bin/make -f &quot;/home/vikrambhatt/CLionProjects/SimulatedAnnealing/Makefile&quot;  VERBOSE=1 rebuild_cache"/>
					<CompileFile command="/usr/bin/make -f &quot;/home/vikrambhatt/CLionProjects/SimulatedAnnealing/Makefile&quot;  VERBOSE=1 &quot;$file&quot;"/>
					<Clean command="/usr/bin/make -f &quot;/home/vikrambhatt/CLionProjects/SimulatedAnnealing/Makefile&quot;  VERBOSE=1 clean"/>
					<DistClean command="/usr/bin/make -f &quot;/home/vikrambhatt/CLionProjects/SimulatedAnnealing/Makefile&quot;  VERBOSE=1 clean"/>
				</MakeCommands>
			</Target>
			<Target title="SimulatedAnnealing">
				<Option output="/home/vikrambhatt/CLionProjects/SimulatedAnnealing/SimulatedAnnealing" prefix_auto="0" extension_auto="0"/>
				<Option working_dir="/home/vikrambhatt/CLionProjects/SimulatedAnnealing"/>
				<Option object_output="./"/>
				<Option type="1"/>
				<Option compiler="gcc"/>
				<Compiler/>
				<MakeCommands>
					<Build command="/usr/bin/make -f &quot;/home/vikrambhatt/CLionProjects/SimulatedAnnealing/Makefile&quot;  VERBOSE=1 SimulatedAnnealing"/>
					<CompileFile command="/usr/bin/make -f &quot;/home/vikrambhatt/CLionProjects/SimulatedAnnealing/Makefile&quot;  VERBOSE=1 &quot;$file&quot;"/>
					<Clean command="/usr/bin/make -f &quot;/home/vikrambhatt/CLionProjects/SimulatedAnnealing/Makefile&quot;  VERBOSE=1 clean"/>
					<DistClean command="/usr/bin/make -f &quot;/home/vikrambhatt/CLionProjects/SimulatedAnnealing/Makefile&quot;  VERBOSE=1 clean"/>
				</MakeCommands>
			</Target>
			<Target title="SimulatedAnnealing/fast">
				<Option output="/home/vikrambhatt/CLionProjects/SimulatedAnnealing/SimulatedAnnealing" prefix_auto="0" extension_auto="0"/>
				<Option working_dir="/home/vikrambhatt/CLionProjects/SimulatedAnnealing"/>
				<Option object_output="./"/>
				<Option type="1"/>
				<Option compiler="gcc"/>
				<Compiler/>
				<MakeCommands>
					<Build command="/usr/bin/make -f &quot;/home/vikrambhatt/CLionProjects/SimulatedAnnealing/Makefile&quot;  VERBOSE=1 SimulatedAnnealing/fast"/>
					<CompileFile command="/usr/bin/make -f &quot;/home/vikrambhatt/CLionProjects/SimulatedAnnealing/Makefile&quot;  VERBOSE=1 &quot;$file&quot;"/>
					<Clean command="/usr/bin/make -f &quot;/home/vikrambhatt/CLionProjects/SimulatedAnnealing/Makefile&quot;  VERBOSE=1 clean"/>
					<DistClean command="/usr/bin/make -f &quot;/home/vikrambhatt/CLionProjects/SimulatedAnnealing/Makefile&quot;  VERBOSE=1 clean"/>
				</MakeCommands>
			</Target>
			<Target title="edit_cache">
				<Option working_dir="/home/vikrambhatt/CLionProjects/SimulatedAnnealing"/>
				<Option type="4"/>
				<MakeCommands>
					<Build command="/usr/bin/make -f &quot;/home/vikrambhatt/CLionProjects/SimulatedAnnealing/Makefile&quot;  VERBOSE=1 edit_cache"/>
					<CompileFile command="/usr/bin/make -f &quot;/home/vikrambhatt/CLionProjects/SimulatedAnnealing/Makefile&quot;  VERBOSE=1 &quot;$file&quot;"/>
					<Clean command="/usr/bin/make -f &quot;/home/vikrambhatt/CLionProjects/SimulatedAnnealing/Makefile&quot;  VERBOSE=1 clean"/>
					<DistClean command="/usr/bin/make -f &quot;/home/vikrambhatt/CLionProjects/SimulatedAnnealing/Makefile&quot;  VERBOSE=1 clean"/>
				</MakeCommands>
			</Target>
		</Build>
		<Unit filename="/home/vikrambhatt/CLionProjects/SimulatedAnnealing/adjtocsr.cpp">
			<Option target="SimulatedAnnealing"/>
		</Unit>
		<Unit filename="/home/vikrambhatt/CLionProjects/SimulatedAnnealing/assert_bisection_valid.cpp">
			<Option target="SimulatedAnnealing"/>
		</Unit>
		<Unit filename="/home/vikrambhatt/CLionProjects/SimulatedAnnealing/f.cpp">
			<Option target="SimulatedAnnealing"/>
		</Unit>
		<Unit filename="/home/vikrambhatt/CLionProjects/SimulatedAnnealing/main.cpp">
			<Option target="SimulatedAnnealing"/>
		</Unit>
		<Unit filename="/home/vikrambhatt/CLionProjects/SimulatedAnnealing/maximum_gain_swaps.cpp">
			<Option target="SimulatedAnnealing"/>
		</Unit>
		<Unit filename="/home/vikrambhatt/CLionProjects/SimulatedAnnealing/partition_cost.cpp">
			<Option target="SimulatedAnnealing"/>
		</Unit>
		<Unit filename="/home/vikrambhatt/CLionProjects/SimulatedAnnealing/random_bisection.cpp">
			<Option target="SimulatedAnnealing"/>
		</Unit>
		<Unit filename="/home/vikrambhatt/CLionProjects/SimulatedAnnealing/random_movement.cpp">
			<Option target="SimulatedAnnealing"/>
		</Unit>
		<Unit filename="/home/vikrambhatt/CLionProjects/SimulatedAnnealing/routines.h">
			<Option target="SimulatedAnnealing"/>
		</Unit>
		<Unit filename="/home/vikrambhatt/CLionProjects/SimulatedAnnealing/weight.cpp">
			<Option target="SimulatedAnnealing"/>
		</Unit>
		<Unit filename="/home/vikrambhatt/CLionProjects/SimulatedAnnealing/CMakeLists.txt">
			<Option virtualFolder="CMake Files\"/>
		</Unit>
	</Project>
</CodeBlocks_project_file>
